// !$*UTF8*$!
{
	archiveVersion = 1;
	classes = {
	};
	objectVersion = 51;
	objects = {

/* Begin PBXBuildFile section */
		B4C1FCECCD5EA134978502B7 /* Pods_ArtableAdmin.framework in Frameworks */ = {isa = PBXBuildFile; fileRef = C63BDD145BBF794238160B9A /* Pods_ArtableAdmin.framework */; };
		CBBD2389438FD228373A50AE /* Pods_Artable.framework in Frameworks */ = {isa = PBXBuildFile; fileRef = 8FA978113B80E2B9308F504B /* Pods_Artable.framework */; };
		D810C5AA2317A61E0037CAB4 /* AppDelegate.swift in Sources */ = {isa = PBXBuildFile; fileRef = D810C5A92317A61E0037CAB4 /* AppDelegate.swift */; };
		D810C5AC2317A61E0037CAB4 /* HomeVC.swift in Sources */ = {isa = PBXBuildFile; fileRef = D810C5AB2317A61E0037CAB4 /* HomeVC.swift */; };
		D810C5AF2317A61E0037CAB4 /* Main.storyboard in Resources */ = {isa = PBXBuildFile; fileRef = D810C5AD2317A61E0037CAB4 /* Main.storyboard */; };
		D810C5B12317A61F0037CAB4 /* Assets.xcassets in Resources */ = {isa = PBXBuildFile; fileRef = D810C5B02317A61F0037CAB4 /* Assets.xcassets */; };
		D810C5B42317A61F0037CAB4 /* LaunchScreen.storyboard in Resources */ = {isa = PBXBuildFile; fileRef = D810C5B22317A61F0037CAB4 /* LaunchScreen.storyboard */; };
		D810C5D52317AD260037CAB4 /* LoginStoryboard.storyboard in Resources */ = {isa = PBXBuildFile; fileRef = D810C5D42317AD260037CAB4 /* LoginStoryboard.storyboard */; };
		D810C5DE2317BEBC0037CAB4 /* AppDelegate.swift in Sources */ = {isa = PBXBuildFile; fileRef = D810C5DD2317BEBC0037CAB4 /* AppDelegate.swift */; };
		D810C5E02317BEBC0037CAB4 /* AdminHomeVC.swift in Sources */ = {isa = PBXBuildFile; fileRef = D810C5DF2317BEBC0037CAB4 /* AdminHomeVC.swift */; };
		D810C5E32317BEBC0037CAB4 /* Main.storyboard in Resources */ = {isa = PBXBuildFile; fileRef = D810C5E12317BEBC0037CAB4 /* Main.storyboard */; };
		D810C5E82317BEBE0037CAB4 /* LaunchScreen.storyboard in Resources */ = {isa = PBXBuildFile; fileRef = D810C5E62317BEBE0037CAB4 /* LaunchScreen.storyboard */; };
		D810C5ED2317BECC0037CAB4 /* Assets.xcassets in Resources */ = {isa = PBXBuildFile; fileRef = D810C5B02317A61F0037CAB4 /* Assets.xcassets */; };
		D845D8E3232791B300315258 /* ProductDetailVC.swift in Sources */ = {isa = PBXBuildFile; fileRef = D845D8E1232791B300315258 /* ProductDetailVC.swift */; };
		D845D8E4232791B300315258 /* ProductDetailVC.xib in Resources */ = {isa = PBXBuildFile; fileRef = D845D8E2232791B300315258 /* ProductDetailVC.xib */; };
		D86076032317E6B300CA657F /* GoogleService-Info.plist in Resources */ = {isa = PBXBuildFile; fileRef = D86076022317E6B300CA657F /* GoogleService-Info.plist */; };
		D860760B2317EA7100CA657F /* LoginVC.swift in Sources */ = {isa = PBXBuildFile; fileRef = D860760A2317EA7100CA657F /* LoginVC.swift */; };
		D860760D2317EA7F00CA657F /* RegisterVC.swift in Sources */ = {isa = PBXBuildFile; fileRef = D860760C2317EA7F00CA657F /* RegisterVC.swift */; };
		D86076102317F83000CA657F /* Extensions.swift in Sources */ = {isa = PBXBuildFile; fileRef = D860760F2317F83000CA657F /* Extensions.swift */; };
		D86076122317FCB300CA657F /* Constants.swift in Sources */ = {isa = PBXBuildFile; fileRef = D86076112317FCB200CA657F /* Constants.swift */; };
		D86076152317FECA00CA657F /* RoundedViews.swift in Sources */ = {isa = PBXBuildFile; fileRef = D86076142317FECA00CA657F /* RoundedViews.swift */; };
		D87B50892317C3CD0046DC5C /* GoogleService-Info.plist in Resources */ = {isa = PBXBuildFile; fileRef = D87B50882317C3CC0046DC5C /* GoogleService-Info.plist */; };
		D87FA984231BFE1A00618505 /* forgotPasswordVC.swift in Sources */ = {isa = PBXBuildFile; fileRef = D87FA982231BFE1A00618505 /* forgotPasswordVC.swift */; };
		D87FA985231BFE1A00618505 /* forgotPasswordVC.xib in Resources */ = {isa = PBXBuildFile; fileRef = D87FA983231BFE1A00618505 /* forgotPasswordVC.xib */; };
		D87FA987231C047B00618505 /* Firebase+Utils.swift in Sources */ = {isa = PBXBuildFile; fileRef = D87FA986231C047B00618505 /* Firebase+Utils.swift */; };
		D87FA988231C054500618505 /* Firebase+Utils.swift in Sources */ = {isa = PBXBuildFile; fileRef = D87FA986231C047B00618505 /* Firebase+Utils.swift */; };
		D8AF18092328DBBE00F80362 /* User.swift in Sources */ = {isa = PBXBuildFile; fileRef = D8AF18082328DBBE00F80362 /* User.swift */; };
		D8C834002327B2AD003C0571 /* HomeVC.swift in Sources */ = {isa = PBXBuildFile; fileRef = D810C5AB2317A61E0037CAB4 /* HomeVC.swift */; };
		D8C834012327B390003C0571 /* RoundedViews.swift in Sources */ = {isa = PBXBuildFile; fileRef = D86076142317FECA00CA657F /* RoundedViews.swift */; };
		D8C834022327B39A003C0571 /* Extensions.swift in Sources */ = {isa = PBXBuildFile; fileRef = D860760F2317F83000CA657F /* Extensions.swift */; };
		D8C834032327B39C003C0571 /* Constants.swift in Sources */ = {isa = PBXBuildFile; fileRef = D86076112317FCB200CA657F /* Constants.swift */; };
		D8C834042327B3B7003C0571 /* forgotPasswordVC.swift in Sources */ = {isa = PBXBuildFile; fileRef = D87FA982231BFE1A00618505 /* forgotPasswordVC.swift */; };
		D8C834052327B3B9003C0571 /* ProductDetailVC.swift in Sources */ = {isa = PBXBuildFile; fileRef = D845D8E1232791B300315258 /* ProductDetailVC.swift */; };
		D8C834072327B586003C0571 /* AddEditCategoryVC.swift in Sources */ = {isa = PBXBuildFile; fileRef = D8C834062327B586003C0571 /* AddEditCategoryVC.swift */; };
		D8C8340A2327CFD4003C0571 /* AdminProductsVC.swift in Sources */ = {isa = PBXBuildFile; fileRef = D8C834092327CFD4003C0571 /* AdminProductsVC.swift */; };
		D8C8340C2327D324003C0571 /* AddEditProductsVC.swift in Sources */ = {isa = PBXBuildFile; fileRef = D8C8340B2327D324003C0571 /* AddEditProductsVC.swift */; };
		D8CF0B7E2326660900969E47 /* ProductsVC.swift in Sources */ = {isa = PBXBuildFile; fileRef = D8CF0B7D2326660900969E47 /* ProductsVC.swift */; };
		D8CF0B7F2326661A00969E47 /* ProductsVC.swift in Sources */ = {isa = PBXBuildFile; fileRef = D8CF0B7D2326660900969E47 /* ProductsVC.swift */; };
		D8CF0B812326667400969E47 /* Product.swift in Sources */ = {isa = PBXBuildFile; fileRef = D8CF0B802326667400969E47 /* Product.swift */; };
		D8CF0B822326667600969E47 /* Product.swift in Sources */ = {isa = PBXBuildFile; fileRef = D8CF0B802326667400969E47 /* Product.swift */; };
		D8CF0B852326673900969E47 /* ProductCell.swift in Sources */ = {isa = PBXBuildFile; fileRef = D8CF0B832326673900969E47 /* ProductCell.swift */; };
		D8CF0B862326673900969E47 /* ProductCell.swift in Sources */ = {isa = PBXBuildFile; fileRef = D8CF0B832326673900969E47 /* ProductCell.swift */; };
		D8CF0B872326673900969E47 /* ProductCell.xib in Resources */ = {isa = PBXBuildFile; fileRef = D8CF0B842326673900969E47 /* ProductCell.xib */; };
		D8CF0B882326673900969E47 /* ProductCell.xib in Resources */ = {isa = PBXBuildFile; fileRef = D8CF0B842326673900969E47 /* ProductCell.xib */; };
		D8E9BBB62326368900CF2985 /* Category.swift in Sources */ = {isa = PBXBuildFile; fileRef = D8E9BBB52326368900CF2985 /* Category.swift */; };
		D8E9BBB72326368900CF2985 /* Category.swift in Sources */ = {isa = PBXBuildFile; fileRef = D8E9BBB52326368900CF2985 /* Category.swift */; };
		D8E9BBBA2326375100CF2985 /* CategoryCell.swift in Sources */ = {isa = PBXBuildFile; fileRef = D8E9BBB82326375100CF2985 /* CategoryCell.swift */; };
		D8E9BBBB2326375100CF2985 /* CategoryCell.swift in Sources */ = {isa = PBXBuildFile; fileRef = D8E9BBB82326375100CF2985 /* CategoryCell.swift */; };
		D8E9BBBC2326375100CF2985 /* CategoryCell.xib in Resources */ = {isa = PBXBuildFile; fileRef = D8E9BBB92326375100CF2985 /* CategoryCell.xib */; };
		D8E9BBBD2326375100CF2985 /* CategoryCell.xib in Resources */ = {isa = PBXBuildFile; fileRef = D8E9BBB92326375100CF2985 /* CategoryCell.xib */; };
		D8FD1E522328E31100E031AA /* UserService.swift in Sources */ = {isa = PBXBuildFile; fileRef = D8FD1E512328E31100E031AA /* UserService.swift */; };
		D8FD1E54232924CB00E031AA /* CheckoutVC.swift in Sources */ = {isa = PBXBuildFile; fileRef = D8FD1E53232924CB00E031AA /* CheckoutVC.swift */; };
		D8FD1E5723292C9000E031AA /* CartItemCell.swift in Sources */ = {isa = PBXBuildFile; fileRef = D8FD1E5523292C9000E031AA /* CartItemCell.swift */; };
		D8FD1E5823292C9000E031AA /* CartItemCell.xib in Resources */ = {isa = PBXBuildFile; fileRef = D8FD1E5623292C9000E031AA /* CartItemCell.xib */; };
		D8FD1E5923292E8600E031AA /* CartItemCell.swift in Sources */ = {isa = PBXBuildFile; fileRef = D8FD1E5523292C9000E031AA /* CartItemCell.swift */; };
		D8FD1E5C232A243100E031AA /* StripeCart.swift in Sources */ = {isa = PBXBuildFile; fileRef = D8FD1E5B232A243100E031AA /* StripeCart.swift */; };
		D8FD1E5E232A49FE00E031AA /* StripeApi.swift in Sources */ = {isa = PBXBuildFile; fileRef = D8FD1E5D232A49FE00E031AA /* StripeApi.swift */; };
		D8FD1E5F232A68E600E031AA /* UserService.swift in Sources */ = {isa = PBXBuildFile; fileRef = D8FD1E512328E31100E031AA /* UserService.swift */; };
		D8FD1E60232A690400E031AA /* User.swift in Sources */ = {isa = PBXBuildFile; fileRef = D8AF18082328DBBE00F80362 /* User.swift */; };
		D8FD1E61232A692800E031AA /* StripeCart.swift in Sources */ = {isa = PBXBuildFile; fileRef = D8FD1E5B232A243100E031AA /* StripeCart.swift */; };
/* End PBXBuildFile section */

/* Begin PBXFileReference section */
		6FA84E3973B564AB3A599EAE /* Pods-ArtableAdmin.release.xcconfig */ = {isa = PBXFileReference; includeInIndex = 1; lastKnownFileType = text.xcconfig; name = "Pods-ArtableAdmin.release.xcconfig"; path = "Pods/Target Support Files/Pods-ArtableAdmin/Pods-ArtableAdmin.release.xcconfig"; sourceTree = "<group>"; };
		748D41C9D888F1816DCE2D40 /* Pods-ArtableAdmin.debug.xcconfig */ = {isa = PBXFileReference; includeInIndex = 1; lastKnownFileType = text.xcconfig; name = "Pods-ArtableAdmin.debug.xcconfig"; path = "Pods/Target Support Files/Pods-ArtableAdmin/Pods-ArtableAdmin.debug.xcconfig"; sourceTree = "<group>"; };
		8FA978113B80E2B9308F504B /* Pods_Artable.framework */ = {isa = PBXFileReference; explicitFileType = wrapper.framework; includeInIndex = 0; path = Pods_Artable.framework; sourceTree = BUILT_PRODUCTS_DIR; };
		A4B725F3BCE9957DBA95977E /* Pods-Artable.release.xcconfig */ = {isa = PBXFileReference; includeInIndex = 1; lastKnownFileType = text.xcconfig; name = "Pods-Artable.release.xcconfig"; path = "Pods/Target Support Files/Pods-Artable/Pods-Artable.release.xcconfig"; sourceTree = "<group>"; };
		A640FAAE2FBAED0B7253AE54 /* Pods-Artable.debug.xcconfig */ = {isa = PBXFileReference; includeInIndex = 1; lastKnownFileType = text.xcconfig; name = "Pods-Artable.debug.xcconfig"; path = "Pods/Target Support Files/Pods-Artable/Pods-Artable.debug.xcconfig"; sourceTree = "<group>"; };
		C63BDD145BBF794238160B9A /* Pods_ArtableAdmin.framework */ = {isa = PBXFileReference; explicitFileType = wrapper.framework; includeInIndex = 0; path = Pods_ArtableAdmin.framework; sourceTree = BUILT_PRODUCTS_DIR; };
		D810C5A62317A61E0037CAB4 /* Artable.app */ = {isa = PBXFileReference; explicitFileType = wrapper.application; includeInIndex = 0; path = Artable.app; sourceTree = BUILT_PRODUCTS_DIR; };
		D810C5A92317A61E0037CAB4 /* AppDelegate.swift */ = {isa = PBXFileReference; lastKnownFileType = sourcecode.swift; path = AppDelegate.swift; sourceTree = "<group>"; };
		D810C5AB2317A61E0037CAB4 /* HomeVC.swift */ = {isa = PBXFileReference; lastKnownFileType = sourcecode.swift; path = HomeVC.swift; sourceTree = "<group>"; };
		D810C5AE2317A61E0037CAB4 /* Base */ = {isa = PBXFileReference; lastKnownFileType = file.storyboard; name = Base; path = Base.lproj/Main.storyboard; sourceTree = "<group>"; };
		D810C5B02317A61F0037CAB4 /* Assets.xcassets */ = {isa = PBXFileReference; lastKnownFileType = folder.assetcatalog; path = Assets.xcassets; sourceTree = "<group>"; };
		D810C5B32317A61F0037CAB4 /* Base */ = {isa = PBXFileReference; lastKnownFileType = file.storyboard; name = Base; path = Base.lproj/LaunchScreen.storyboard; sourceTree = "<group>"; };
		D810C5B52317A61F0037CAB4 /* Info.plist */ = {isa = PBXFileReference; lastKnownFileType = text.plist.xml; path = Info.plist; sourceTree = "<group>"; };
		D810C5D42317AD260037CAB4 /* LoginStoryboard.storyboard */ = {isa = PBXFileReference; lastKnownFileType = file.storyboard; path = LoginStoryboard.storyboard; sourceTree = "<group>"; };
		D810C5DB2317BEBC0037CAB4 /* ArtableAdmin.app */ = {isa = PBXFileReference; explicitFileType = wrapper.application; includeInIndex = 0; path = ArtableAdmin.app; sourceTree = BUILT_PRODUCTS_DIR; };
		D810C5DD2317BEBC0037CAB4 /* AppDelegate.swift */ = {isa = PBXFileReference; lastKnownFileType = sourcecode.swift; path = AppDelegate.swift; sourceTree = "<group>"; };
		D810C5DF2317BEBC0037CAB4 /* AdminHomeVC.swift */ = {isa = PBXFileReference; lastKnownFileType = sourcecode.swift; path = AdminHomeVC.swift; sourceTree = "<group>"; };
		D810C5E22317BEBC0037CAB4 /* Base */ = {isa = PBXFileReference; lastKnownFileType = file.storyboard; name = Base; path = Base.lproj/Main.storyboard; sourceTree = "<group>"; };
		D810C5E72317BEBE0037CAB4 /* Base */ = {isa = PBXFileReference; lastKnownFileType = file.storyboard; name = Base; path = Base.lproj/LaunchScreen.storyboard; sourceTree = "<group>"; };
		D810C5E92317BEBE0037CAB4 /* Info.plist */ = {isa = PBXFileReference; lastKnownFileType = text.plist.xml; path = Info.plist; sourceTree = "<group>"; };
		D845D8E1232791B300315258 /* ProductDetailVC.swift */ = {isa = PBXFileReference; lastKnownFileType = sourcecode.swift; path = ProductDetailVC.swift; sourceTree = "<group>"; };
		D845D8E2232791B300315258 /* ProductDetailVC.xib */ = {isa = PBXFileReference; lastKnownFileType = file.xib; path = ProductDetailVC.xib; sourceTree = "<group>"; };
		D86076022317E6B300CA657F /* GoogleService-Info.plist */ = {isa = PBXFileReference; fileEncoding = 4; lastKnownFileType = text.plist.xml; path = "GoogleService-Info.plist"; sourceTree = "<group>"; };
		D860760A2317EA7100CA657F /* LoginVC.swift */ = {isa = PBXFileReference; lastKnownFileType = sourcecode.swift; path = LoginVC.swift; sourceTree = "<group>"; };
		D860760C2317EA7F00CA657F /* RegisterVC.swift */ = {isa = PBXFileReference; lastKnownFileType = sourcecode.swift; path = RegisterVC.swift; sourceTree = "<group>"; };
		D860760F2317F83000CA657F /* Extensions.swift */ = {isa = PBXFileReference; lastKnownFileType = sourcecode.swift; path = Extensions.swift; sourceTree = "<group>"; };
		D86076112317FCB200CA657F /* Constants.swift */ = {isa = PBXFileReference; lastKnownFileType = sourcecode.swift; path = Constants.swift; sourceTree = "<group>"; };
		D86076142317FECA00CA657F /* RoundedViews.swift */ = {isa = PBXFileReference; lastKnownFileType = sourcecode.swift; path = RoundedViews.swift; sourceTree = "<group>"; };
		D87B50882317C3CC0046DC5C /* GoogleService-Info.plist */ = {isa = PBXFileReference; fileEncoding = 4; lastKnownFileType = text.plist.xml; path = "GoogleService-Info.plist"; sourceTree = "<group>"; };
		D87FA982231BFE1A00618505 /* forgotPasswordVC.swift */ = {isa = PBXFileReference; lastKnownFileType = sourcecode.swift; path = forgotPasswordVC.swift; sourceTree = "<group>"; };
		D87FA983231BFE1A00618505 /* forgotPasswordVC.xib */ = {isa = PBXFileReference; lastKnownFileType = file.xib; path = forgotPasswordVC.xib; sourceTree = "<group>"; };
		D87FA986231C047B00618505 /* Firebase+Utils.swift */ = {isa = PBXFileReference; lastKnownFileType = sourcecode.swift; path = "Firebase+Utils.swift"; sourceTree = "<group>"; };
		D8AF18082328DBBE00F80362 /* User.swift */ = {isa = PBXFileReference; lastKnownFileType = sourcecode.swift; path = User.swift; sourceTree = "<group>"; };
		D8C834062327B586003C0571 /* AddEditCategoryVC.swift */ = {isa = PBXFileReference; lastKnownFileType = sourcecode.swift; path = AddEditCategoryVC.swift; sourceTree = "<group>"; };
		D8C834092327CFD4003C0571 /* AdminProductsVC.swift */ = {isa = PBXFileReference; lastKnownFileType = sourcecode.swift; path = AdminProductsVC.swift; sourceTree = "<group>"; };
		D8C8340B2327D324003C0571 /* AddEditProductsVC.swift */ = {isa = PBXFileReference; lastKnownFileType = sourcecode.swift; path = AddEditProductsVC.swift; sourceTree = "<group>"; };
		D8CF0B7D2326660900969E47 /* ProductsVC.swift */ = {isa = PBXFileReference; lastKnownFileType = sourcecode.swift; path = ProductsVC.swift; sourceTree = "<group>"; };
		D8CF0B802326667400969E47 /* Product.swift */ = {isa = PBXFileReference; lastKnownFileType = sourcecode.swift; path = Product.swift; sourceTree = "<group>"; };
		D8CF0B832326673900969E47 /* ProductCell.swift */ = {isa = PBXFileReference; lastKnownFileType = sourcecode.swift; path = ProductCell.swift; sourceTree = "<group>"; };
		D8CF0B842326673900969E47 /* ProductCell.xib */ = {isa = PBXFileReference; lastKnownFileType = file.xib; path = ProductCell.xib; sourceTree = "<group>"; };
		D8E9BBB52326368900CF2985 /* Category.swift */ = {isa = PBXFileReference; lastKnownFileType = sourcecode.swift; path = Category.swift; sourceTree = "<group>"; };
		D8E9BBB82326375100CF2985 /* CategoryCell.swift */ = {isa = PBXFileReference; lastKnownFileType = sourcecode.swift; path = CategoryCell.swift; sourceTree = "<group>"; };
		D8E9BBB92326375100CF2985 /* CategoryCell.xib */ = {isa = PBXFileReference; lastKnownFileType = file.xib; path = CategoryCell.xib; sourceTree = "<group>"; };
		D8FD1E512328E31100E031AA /* UserService.swift */ = {isa = PBXFileReference; lastKnownFileType = sourcecode.swift; path = UserService.swift; sourceTree = "<group>"; };
		D8FD1E53232924CB00E031AA /* CheckoutVC.swift */ = {isa = PBXFileReference; lastKnownFileType = sourcecode.swift; path = CheckoutVC.swift; sourceTree = "<group>"; };
		D8FD1E5523292C9000E031AA /* CartItemCell.swift */ = {isa = PBXFileReference; lastKnownFileType = sourcecode.swift; name = CartItemCell.swift; path = ../Xibs/CartItemCell.swift; sourceTree = "<group>"; };
		D8FD1E5623292C9000E031AA /* CartItemCell.xib */ = {isa = PBXFileReference; lastKnownFileType = file.xib; path = CartItemCell.xib; sourceTree = "<group>"; };
		D8FD1E5B232A243100E031AA /* StripeCart.swift */ = {isa = PBXFileReference; lastKnownFileType = sourcecode.swift; path = StripeCart.swift; sourceTree = "<group>"; };
		D8FD1E5D232A49FE00E031AA /* StripeApi.swift */ = {isa = PBXFileReference; lastKnownFileType = sourcecode.swift; path = StripeApi.swift; sourceTree = "<group>"; };
/* End PBXFileReference section */

/* Begin PBXFrameworksBuildPhase section */
		D810C5A32317A61E0037CAB4 /* Frameworks */ = {
			isa = PBXFrameworksBuildPhase;
			buildActionMask = 2147483647;
			files = (
				CBBD2389438FD228373A50AE /* Pods_Artable.framework in Frameworks */,
			);
			runOnlyForDeploymentPostprocessing = 0;
		};
		D810C5D82317BEBC0037CAB4 /* Frameworks */ = {
			isa = PBXFrameworksBuildPhase;
			buildActionMask = 2147483647;
			files = (
				B4C1FCECCD5EA134978502B7 /* Pods_ArtableAdmin.framework in Frameworks */,
			);
			runOnlyForDeploymentPostprocessing = 0;
		};
/* End PBXFrameworksBuildPhase section */

/* Begin PBXGroup section */
		082E72D1740234D56092A215 /* Pods */ = {
			isa = PBXGroup;
			children = (
				A640FAAE2FBAED0B7253AE54 /* Pods-Artable.debug.xcconfig */,
				A4B725F3BCE9957DBA95977E /* Pods-Artable.release.xcconfig */,
				748D41C9D888F1816DCE2D40 /* Pods-ArtableAdmin.debug.xcconfig */,
				6FA84E3973B564AB3A599EAE /* Pods-ArtableAdmin.release.xcconfig */,
			);
			name = Pods;
			sourceTree = "<group>";
		};
		D810C59D2317A61E0037CAB4 = {
			isa = PBXGroup;
			children = (
				D810C5D12317A6A60037CAB4 /* Shared */,
				D810C5A82317A61E0037CAB4 /* Artable */,
				D810C5DC2317BEBC0037CAB4 /* ArtableAdmin */,
				D810C5A72317A61E0037CAB4 /* Products */,
				082E72D1740234D56092A215 /* Pods */,
				E54FE9737FA25CA81AC44C07 /* Frameworks */,
			);
			sourceTree = "<group>";
		};
		D810C5A72317A61E0037CAB4 /* Products */ = {
			isa = PBXGroup;
			children = (
				D810C5A62317A61E0037CAB4 /* Artable.app */,
				D810C5DB2317BEBC0037CAB4 /* ArtableAdmin.app */,
			);
			name = Products;
			sourceTree = "<group>";
		};
		D810C5A82317A61E0037CAB4 /* Artable */ = {
			isa = PBXGroup;
			children = (
				D8FD1E5A232A242000E031AA /* Stripe */,
				D8AF180B2328E27300F80362 /* Services */,
				D87FA981231BFDE300618505 /* XIBs */,
				D86076072317EA0D00CA657F /* Storyboards */,
				D86076062317EA0100CA657F /* View */,
				D86076042317E9EC00CA657F /* Controller */,
				D87B50882317C3CC0046DC5C /* GoogleService-Info.plist */,
				D810C5B52317A61F0037CAB4 /* Info.plist */,
			);
			path = Artable;
			sourceTree = "<group>";
		};
		D810C5D12317A6A60037CAB4 /* Shared */ = {
			isa = PBXGroup;
			children = (
				D8E9BBBE2326376800CF2985 /* Xibs */,
				D86076052317E9F700CA657F /* Model */,
				D86076132317FEB800CA657F /* View */,
				D860760E2317F81700CA657F /* Utils */,
				D810C5B02317A61F0037CAB4 /* Assets.xcassets */,
			);
			path = Shared;
			sourceTree = "<group>";
		};
		D810C5DC2317BEBC0037CAB4 /* ArtableAdmin */ = {
			isa = PBXGroup;
			children = (
				D8C834082327B592003C0571 /* controller */,
				D86076022317E6B300CA657F /* GoogleService-Info.plist */,
				D810C5E12317BEBC0037CAB4 /* Main.storyboard */,
				D810C5E62317BEBE0037CAB4 /* LaunchScreen.storyboard */,
				D810C5E92317BEBE0037CAB4 /* Info.plist */,
			);
			path = ArtableAdmin;
			sourceTree = "<group>";
		};
		D86076042317E9EC00CA657F /* Controller */ = {
			isa = PBXGroup;
			children = (
				D810C5A92317A61E0037CAB4 /* AppDelegate.swift */,
				D810C5AB2317A61E0037CAB4 /* HomeVC.swift */,
				D860760A2317EA7100CA657F /* LoginVC.swift */,
				D860760C2317EA7F00CA657F /* RegisterVC.swift */,
				D8CF0B7D2326660900969E47 /* ProductsVC.swift */,
				D8FD1E53232924CB00E031AA /* CheckoutVC.swift */,
			);
			path = Controller;
			sourceTree = "<group>";
		};
		D86076052317E9F700CA657F /* Model */ = {
			isa = PBXGroup;
			children = (
				D8E9BBB52326368900CF2985 /* Category.swift */,
				D8CF0B802326667400969E47 /* Product.swift */,
				D8AF18082328DBBE00F80362 /* User.swift */,
			);
			path = Model;
			sourceTree = "<group>";
		};
		D86076062317EA0100CA657F /* View */ = {
			isa = PBXGroup;
			children = (
			);
			path = View;
			sourceTree = "<group>";
		};
		D86076072317EA0D00CA657F /* Storyboards */ = {
			isa = PBXGroup;
			children = (
				D810C5AD2317A61E0037CAB4 /* Main.storyboard */,
				D810C5B22317A61F0037CAB4 /* LaunchScreen.storyboard */,
				D810C5D42317AD260037CAB4 /* LoginStoryboard.storyboard */,
			);
			path = Storyboards;
			sourceTree = "<group>";
		};
		D860760E2317F81700CA657F /* Utils */ = {
			isa = PBXGroup;
			children = (
				D860760F2317F83000CA657F /* Extensions.swift */,
				D86076112317FCB200CA657F /* Constants.swift */,
				D87FA986231C047B00618505 /* Firebase+Utils.swift */,
			);
			path = Utils;
			sourceTree = "<group>";
		};
		D86076132317FEB800CA657F /* View */ = {
			isa = PBXGroup;
			children = (
				D86076142317FECA00CA657F /* RoundedViews.swift */,
				D8E9BBB82326375100CF2985 /* CategoryCell.swift */,
				D8FD1E5523292C9000E031AA /* CartItemCell.swift */,
				D8CF0B832326673900969E47 /* ProductCell.swift */,
			);
			path = View;
			sourceTree = "<group>";
		};
		D87FA981231BFDE300618505 /* XIBs */ = {
			isa = PBXGroup;
			children = (
				D87FA982231BFE1A00618505 /* forgotPasswordVC.swift */,
				D87FA983231BFE1A00618505 /* forgotPasswordVC.xib */,
				D845D8E1232791B300315258 /* ProductDetailVC.swift */,
				D845D8E2232791B300315258 /* ProductDetailVC.xib */,
			);
			path = XIBs;
			sourceTree = "<group>";
		};
		D8AF180B2328E27300F80362 /* Services */ = {
			isa = PBXGroup;
			children = (
				D8FD1E512328E31100E031AA /* UserService.swift */,
			);
			path = Services;
			sourceTree = "<group>";
		};
		D8C834082327B592003C0571 /* controller */ = {
			isa = PBXGroup;
			children = (
				D8C834062327B586003C0571 /* AddEditCategoryVC.swift */,
				D810C5DD2317BEBC0037CAB4 /* AppDelegate.swift */,
				D810C5DF2317BEBC0037CAB4 /* AdminHomeVC.swift */,
				D8C834092327CFD4003C0571 /* AdminProductsVC.swift */,
				D8C8340B2327D324003C0571 /* AddEditProductsVC.swift */,
			);
			path = controller;
			sourceTree = "<group>";
		};
		D8E9BBBE2326376800CF2985 /* Xibs */ = {
			isa = PBXGroup;
			children = (
				D8CF0B842326673900969E47 /* ProductCell.xib */,
				D8E9BBB92326375100CF2985 /* CategoryCell.xib */,
				D8FD1E5623292C9000E031AA /* CartItemCell.xib */,
			);
			path = Xibs;
			sourceTree = "<group>";
		};
		D8FD1E5A232A242000E031AA /* Stripe */ = {
			isa = PBXGroup;
			children = (
				D8FD1E5B232A243100E031AA /* StripeCart.swift */,
				D8FD1E5D232A49FE00E031AA /* StripeApi.swift */,
			);
			path = Stripe;
			sourceTree = "<group>";
		};
		E54FE9737FA25CA81AC44C07 /* Frameworks */ = {
			isa = PBXGroup;
			children = (
				8FA978113B80E2B9308F504B /* Pods_Artable.framework */,
				C63BDD145BBF794238160B9A /* Pods_ArtableAdmin.framework */,
			);
			name = Frameworks;
			sourceTree = "<group>";
		};
/* End PBXGroup section */

/* Begin PBXNativeTarget section */
		D810C5A52317A61E0037CAB4 /* Artable */ = {
			isa = PBXNativeTarget;
			buildConfigurationList = D810C5B82317A61F0037CAB4 /* Build configuration list for PBXNativeTarget "Artable" */;
			buildPhases = (
				D89B079D8825AF6CD2FB4D2A /* [CP] Check Pods Manifest.lock */,
				D810C5A22317A61E0037CAB4 /* Sources */,
				D810C5A32317A61E0037CAB4 /* Frameworks */,
				D810C5A42317A61E0037CAB4 /* Resources */,
				A7288F4E52F63FED46E0B999 /* [CP] Embed Pods Frameworks */,
			);
			buildRules = (
			);
			dependencies = (
			);
			name = Artable;
			productName = Artable;
			productReference = D810C5A62317A61E0037CAB4 /* Artable.app */;
			productType = "com.apple.product-type.application";
		};
		D810C5DA2317BEBC0037CAB4 /* ArtableAdmin */ = {
			isa = PBXNativeTarget;
			buildConfigurationList = D810C5EA2317BEBE0037CAB4 /* Build configuration list for PBXNativeTarget "ArtableAdmin" */;
			buildPhases = (
				0231C00E2EAF094B0DB26C32 /* [CP] Check Pods Manifest.lock */,
				D810C5D72317BEBC0037CAB4 /* Sources */,
				D810C5D82317BEBC0037CAB4 /* Frameworks */,
				D810C5D92317BEBC0037CAB4 /* Resources */,
				6DCFF562955AE9343107C68A /* [CP] Embed Pods Frameworks */,
			);
			buildRules = (
			);
			dependencies = (
			);
			name = ArtableAdmin;
			productName = ArtableAdmin;
			productReference = D810C5DB2317BEBC0037CAB4 /* ArtableAdmin.app */;
			productType = "com.apple.product-type.application";
		};
/* End PBXNativeTarget section */

/* Begin PBXProject section */
		D810C59E2317A61E0037CAB4 /* Project object */ = {
			isa = PBXProject;
			attributes = {
				LastSwiftUpdateCheck = 1030;
				LastUpgradeCheck = 1030;
				ORGANIZATIONNAME = "Egehan Karaköse";
				TargetAttributes = {
					D810C5A52317A61E0037CAB4 = {
						CreatedOnToolsVersion = 10.3;
					};
					D810C5DA2317BEBC0037CAB4 = {
						CreatedOnToolsVersion = 10.3;
					};
				};
			};
			buildConfigurationList = D810C5A12317A61E0037CAB4 /* Build configuration list for PBXProject "Artable" */;
			compatibilityVersion = "Xcode 9.3";
			developmentRegion = en;
			hasScannedForEncodings = 0;
			knownRegions = (
				en,
				Base,
			);
			mainGroup = D810C59D2317A61E0037CAB4;
			productRefGroup = D810C5A72317A61E0037CAB4 /* Products */;
			projectDirPath = "";
			projectRoot = "";
			targets = (
				D810C5A52317A61E0037CAB4 /* Artable */,
				D810C5DA2317BEBC0037CAB4 /* ArtableAdmin */,
			);
		};
/* End PBXProject section */

/* Begin PBXResourcesBuildPhase section */
		D810C5A42317A61E0037CAB4 /* Resources */ = {
			isa = PBXResourcesBuildPhase;
			buildActionMask = 2147483647;
			files = (
				D810C5B42317A61F0037CAB4 /* LaunchScreen.storyboard in Resources */,
				D8CF0B872326673900969E47 /* ProductCell.xib in Resources */,
				D8E9BBBC2326375100CF2985 /* CategoryCell.xib in Resources */,
				D810C5B12317A61F0037CAB4 /* Assets.xcassets in Resources */,
				D87B50892317C3CD0046DC5C /* GoogleService-Info.plist in Resources */,
				D810C5AF2317A61E0037CAB4 /* Main.storyboard in Resources */,
				D845D8E4232791B300315258 /* ProductDetailVC.xib in Resources */,
				D87FA985231BFE1A00618505 /* forgotPasswordVC.xib in Resources */,
				D8FD1E5823292C9000E031AA /* CartItemCell.xib in Resources */,
				D810C5D52317AD260037CAB4 /* LoginStoryboard.storyboard in Resources */,
			);
			runOnlyForDeploymentPostprocessing = 0;
		};
		D810C5D92317BEBC0037CAB4 /* Resources */ = {
			isa = PBXResourcesBuildPhase;
			buildActionMask = 2147483647;
			files = (
				D8E9BBBD2326375100CF2985 /* CategoryCell.xib in Resources */,
				D810C5E82317BEBE0037CAB4 /* LaunchScreen.storyboard in Resources */,
				D86076032317E6B300CA657F /* GoogleService-Info.plist in Resources */,
				D8CF0B882326673900969E47 /* ProductCell.xib in Resources */,
				D810C5ED2317BECC0037CAB4 /* Assets.xcassets in Resources */,
				D810C5E32317BEBC0037CAB4 /* Main.storyboard in Resources */,
			);
			runOnlyForDeploymentPostprocessing = 0;
		};
/* End PBXResourcesBuildPhase section */

/* Begin PBXShellScriptBuildPhase section */
		0231C00E2EAF094B0DB26C32 /* [CP] Check Pods Manifest.lock */ = {
			isa = PBXShellScriptBuildPhase;
			buildActionMask = 2147483647;
			files = (
			);
			inputPaths = (
				"${PODS_PODFILE_DIR_PATH}/Podfile.lock",
				"${PODS_ROOT}/Manifest.lock",
			);
			name = "[CP] Check Pods Manifest.lock";
			outputPaths = (
				"$(DERIVED_FILE_DIR)/Pods-ArtableAdmin-checkManifestLockResult.txt",
			);
			runOnlyForDeploymentPostprocessing = 0;
			shellPath = /bin/sh;
			shellScript = "diff \"${PODS_PODFILE_DIR_PATH}/Podfile.lock\" \"${PODS_ROOT}/Manifest.lock\" > /dev/null\nif [ $? != 0 ] ; then\n    # print error to STDERR\n    echo \"error: The sandbox is not in sync with the Podfile.lock. Run 'pod install' or update your CocoaPods installation.\" >&2\n    exit 1\nfi\n# This output is used by Xcode 'outputs' to avoid re-running this script phase.\necho \"SUCCESS\" > \"${SCRIPT_OUTPUT_FILE_0}\"\n";
			showEnvVarsInLog = 0;
		};
		6DCFF562955AE9343107C68A /* [CP] Embed Pods Frameworks */ = {
			isa = PBXShellScriptBuildPhase;
			buildActionMask = 2147483647;
			files = (
			);
			inputFileListPaths = (
				"${PODS_ROOT}/Target Support Files/Pods-ArtableAdmin/Pods-ArtableAdmin-frameworks-${CONFIGURATION}-input-files.xcfilelist",
			);
			name = "[CP] Embed Pods Frameworks";
			outputFileListPaths = (
				"${PODS_ROOT}/Target Support Files/Pods-ArtableAdmin/Pods-ArtableAdmin-frameworks-${CONFIGURATION}-output-files.xcfilelist",
			);
			runOnlyForDeploymentPostprocessing = 0;
			shellPath = /bin/sh;
			shellScript = "\"${PODS_ROOT}/Target Support Files/Pods-ArtableAdmin/Pods-ArtableAdmin-frameworks.sh\"\n";
			showEnvVarsInLog = 0;
		};
		A7288F4E52F63FED46E0B999 /* [CP] Embed Pods Frameworks */ = {
			isa = PBXShellScriptBuildPhase;
			buildActionMask = 2147483647;
			files = (
			);
			inputFileListPaths = (
				"${PODS_ROOT}/Target Support Files/Pods-Artable/Pods-Artable-frameworks-${CONFIGURATION}-input-files.xcfilelist",
			);
			name = "[CP] Embed Pods Frameworks";
			outputFileListPaths = (
				"${PODS_ROOT}/Target Support Files/Pods-Artable/Pods-Artable-frameworks-${CONFIGURATION}-output-files.xcfilelist",
			);
			runOnlyForDeploymentPostprocessing = 0;
			shellPath = /bin/sh;
			shellScript = "\"${PODS_ROOT}/Target Support Files/Pods-Artable/Pods-Artable-frameworks.sh\"\n";
			showEnvVarsInLog = 0;
		};
		D89B079D8825AF6CD2FB4D2A /* [CP] Check Pods Manifest.lock */ = {
			isa = PBXShellScriptBuildPhase;
			buildActionMask = 2147483647;
			files = (
			);
			inputPaths = (
				"${PODS_PODFILE_DIR_PATH}/Podfile.lock",
				"${PODS_ROOT}/Manifest.lock",
			);
			name = "[CP] Check Pods Manifest.lock";
			outputPaths = (
				"$(DERIVED_FILE_DIR)/Pods-Artable-checkManifestLockResult.txt",
			);
			runOnlyForDeploymentPostprocessing = 0;
			shellPath = /bin/sh;
			shellScript = "diff \"${PODS_PODFILE_DIR_PATH}/Podfile.lock\" \"${PODS_ROOT}/Manifest.lock\" > /dev/null\nif [ $? != 0 ] ; then\n    # print error to STDERR\n    echo \"error: The sandbox is not in sync with the Podfile.lock. Run 'pod install' or update your CocoaPods installation.\" >&2\n    exit 1\nfi\n# This output is used by Xcode 'outputs' to avoid re-running this script phase.\necho \"SUCCESS\" > \"${SCRIPT_OUTPUT_FILE_0}\"\n";
			showEnvVarsInLog = 0;
		};
/* End PBXShellScriptBuildPhase section */

/* Begin PBXSourcesBuildPhase section */
		D810C5A22317A61E0037CAB4 /* Sources */ = {
			isa = PBXSourcesBuildPhase;
			buildActionMask = 2147483647;
			files = (
				D8FD1E5C232A243100E031AA /* StripeCart.swift in Sources */,
				D87FA987231C047B00618505 /* Firebase+Utils.swift in Sources */,
				D845D8E3232791B300315258 /* ProductDetailVC.swift in Sources */,
				D8FD1E5E232A49FE00E031AA /* StripeApi.swift in Sources */,
				D8E9BBB62326368900CF2985 /* Category.swift in Sources */,
				D86076102317F83000CA657F /* Extensions.swift in Sources */,
				D8AF18092328DBBE00F80362 /* User.swift in Sources */,
				D810C5AC2317A61E0037CAB4 /* HomeVC.swift in Sources */,
				D8FD1E522328E31100E031AA /* UserService.swift in Sources */,
				D860760D2317EA7F00CA657F /* RegisterVC.swift in Sources */,
				D8CF0B852326673900969E47 /* ProductCell.swift in Sources */,
				D810C5AA2317A61E0037CAB4 /* AppDelegate.swift in Sources */,
				D86076152317FECA00CA657F /* RoundedViews.swift in Sources */,
				D860760B2317EA7100CA657F /* LoginVC.swift in Sources */,
				D8FD1E54232924CB00E031AA /* CheckoutVC.swift in Sources */,
				D8CF0B7E2326660900969E47 /* ProductsVC.swift in Sources */,
				D87FA984231BFE1A00618505 /* forgotPasswordVC.swift in Sources */,
				D86076122317FCB300CA657F /* Constants.swift in Sources */,
				D8FD1E5723292C9000E031AA /* CartItemCell.swift in Sources */,
				D8E9BBBA2326375100CF2985 /* CategoryCell.swift in Sources */,
				D8CF0B812326667400969E47 /* Product.swift in Sources */,
			);
			runOnlyForDeploymentPostprocessing = 0;
		};
		D810C5D72317BEBC0037CAB4 /* Sources */ = {
			isa = PBXSourcesBuildPhase;
			buildActionMask = 2147483647;
			files = (
				D87FA988231C054500618505 /* Firebase+Utils.swift in Sources */,
				D810C5E02317BEBC0037CAB4 /* AdminHomeVC.swift in Sources */,
				D8C834012327B390003C0571 /* RoundedViews.swift in Sources */,
				D8CF0B7F2326661A00969E47 /* ProductsVC.swift in Sources */,
				D8C834002327B2AD003C0571 /* HomeVC.swift in Sources */,
				D810C5DE2317BEBC0037CAB4 /* AppDelegate.swift in Sources */,
				D8C8340C2327D324003C0571 /* AddEditProductsVC.swift in Sources */,
				D8C8340A2327CFD4003C0571 /* AdminProductsVC.swift in Sources */,
				D8FD1E60232A690400E031AA /* User.swift in Sources */,
				D8E9BBB72326368900CF2985 /* Category.swift in Sources */,
				D8C834072327B586003C0571 /* AddEditCategoryVC.swift in Sources */,
				D8CF0B862326673900969E47 /* ProductCell.swift in Sources */,
				D8E9BBBB2326375100CF2985 /* CategoryCell.swift in Sources */,
				D8C834022327B39A003C0571 /* Extensions.swift in Sources */,
				D8FD1E5F232A68E600E031AA /* UserService.swift in Sources */,
				D8C834042327B3B7003C0571 /* forgotPasswordVC.swift in Sources */,
				D8FD1E5923292E8600E031AA /* CartItemCell.swift in Sources */,
				D8CF0B822326667600969E47 /* Product.swift in Sources */,
				D8FD1E61232A692800E031AA /* StripeCart.swift in Sources */,
				D8C834032327B39C003C0571 /* Constants.swift in Sources */,
				D8C834052327B3B9003C0571 /* ProductDetailVC.swift in Sources */,
			);
			runOnlyForDeploymentPostprocessing = 0;
		};
/* End PBXSourcesBuildPhase section */

/* Begin PBXVariantGroup section */
		D810C5AD2317A61E0037CAB4 /* Main.storyboard */ = {
			isa = PBXVariantGroup;
			children = (
				D810C5AE2317A61E0037CAB4 /* Base */,
			);
			name = Main.storyboard;
			sourceTree = "<group>";
		};
		D810C5B22317A61F0037CAB4 /* LaunchScreen.storyboard */ = {
			isa = PBXVariantGroup;
			children = (
				D810C5B32317A61F0037CAB4 /* Base */,
			);
			name = LaunchScreen.storyboard;
			sourceTree = "<group>";
		};
		D810C5E12317BEBC0037CAB4 /* Main.storyboard */ = {
			isa = PBXVariantGroup;
			children = (
				D810C5E22317BEBC0037CAB4 /* Base */,
			);
			name = Main.storyboard;
			sourceTree = "<group>";
		};
		D810C5E62317BEBE0037CAB4 /* LaunchScreen.storyboard */ = {
			isa = PBXVariantGroup;
			children = (
				D810C5E72317BEBE0037CAB4 /* Base */,
			);
			name = LaunchScreen.storyboard;
			sourceTree = "<group>";
		};
/* End PBXVariantGroup section */

/* Begin XCBuildConfiguration section */
		D810C5B62317A61F0037CAB4 /* Debug */ = {
			isa = XCBuildConfiguration;
			buildSettings = {
				ALWAYS_SEARCH_USER_PATHS = NO;
				CLANG_ANALYZER_NONNULL = YES;
				CLANG_ANALYZER_NUMBER_OBJECT_CONVERSION = YES_AGGRESSIVE;
				CLANG_CXX_LANGUAGE_STANDARD = "gnu++14";
				CLANG_CXX_LIBRARY = "libc++";
				CLANG_ENABLE_MODULES = YES;
				CLANG_ENABLE_OBJC_ARC = YES;
				CLANG_ENABLE_OBJC_WEAK = YES;
				CLANG_WARN_BLOCK_CAPTURE_AUTORELEASING = YES;
				CLANG_WARN_BOOL_CONVERSION = YES;
				CLANG_WARN_COMMA = YES;
				CLANG_WARN_CONSTANT_CONVERSION = YES;
				CLANG_WARN_DEPRECATED_OBJC_IMPLEMENTATIONS = YES;
				CLANG_WARN_DIRECT_OBJC_ISA_USAGE = YES_ERROR;
				CLANG_WARN_DOCUMENTATION_COMMENTS = YES;
				CLANG_WARN_EMPTY_BODY = YES;
				CLANG_WARN_ENUM_CONVERSION = YES;
				CLANG_WARN_INFINITE_RECURSION = YES;
				CLANG_WARN_INT_CONVERSION = YES;
				CLANG_WARN_NON_LITERAL_NULL_CONVERSION = YES;
				CLANG_WARN_OBJC_IMPLICIT_RETAIN_SELF = YES;
				CLANG_WARN_OBJC_LITERAL_CONVERSION = YES;
				CLANG_WARN_OBJC_ROOT_CLASS = YES_ERROR;
				CLANG_WARN_RANGE_LOOP_ANALYSIS = YES;
				CLANG_WARN_STRICT_PROTOTYPES = YES;
				CLANG_WARN_SUSPICIOUS_MOVE = YES;
				CLANG_WARN_UNGUARDED_AVAILABILITY = YES_AGGRESSIVE;
				CLANG_WARN_UNREACHABLE_CODE = YES;
				CLANG_WARN__DUPLICATE_METHOD_MATCH = YES;
				CODE_SIGN_IDENTITY = "iPhone Developer";
				COPY_PHASE_STRIP = NO;
				DEBUG_INFORMATION_FORMAT = dwarf;
				ENABLE_STRICT_OBJC_MSGSEND = YES;
				ENABLE_TESTABILITY = YES;
				GCC_C_LANGUAGE_STANDARD = gnu11;
				GCC_DYNAMIC_NO_PIC = NO;
				GCC_NO_COMMON_BLOCKS = YES;
				GCC_OPTIMIZATION_LEVEL = 0;
				GCC_PREPROCESSOR_DEFINITIONS = (
					"DEBUG=1",
					"$(inherited)",
				);
				GCC_WARN_64_TO_32_BIT_CONVERSION = YES;
				GCC_WARN_ABOUT_RETURN_TYPE = YES_ERROR;
				GCC_WARN_UNDECLARED_SELECTOR = YES;
				GCC_WARN_UNINITIALIZED_AUTOS = YES_AGGRESSIVE;
				GCC_WARN_UNUSED_FUNCTION = YES;
				GCC_WARN_UNUSED_VARIABLE = YES;
				IPHONEOS_DEPLOYMENT_TARGET = 12.4;
				MTL_ENABLE_DEBUG_INFO = INCLUDE_SOURCE;
				MTL_FAST_MATH = YES;
				ONLY_ACTIVE_ARCH = YES;
				SDKROOT = iphoneos;
				SWIFT_ACTIVE_COMPILATION_CONDITIONS = DEBUG;
				SWIFT_OPTIMIZATION_LEVEL = "-Onone";
			};
			name = Debug;
		};
		D810C5B72317A61F0037CAB4 /* Release */ = {
			isa = XCBuildConfiguration;
			buildSettings = {
				ALWAYS_SEARCH_USER_PATHS = NO;
				CLANG_ANALYZER_NONNULL = YES;
				CLANG_ANALYZER_NUMBER_OBJECT_CONVERSION = YES_AGGRESSIVE;
				CLANG_CXX_LANGUAGE_STANDARD = "gnu++14";
				CLANG_CXX_LIBRARY = "libc++";
				CLANG_ENABLE_MODULES = YES;
				CLANG_ENABLE_OBJC_ARC = YES;
				CLANG_ENABLE_OBJC_WEAK = YES;
				CLANG_WARN_BLOCK_CAPTURE_AUTORELEASING = YES;
				CLANG_WARN_BOOL_CONVERSION = YES;
				CLANG_WARN_COMMA = YES;
				CLANG_WARN_CONSTANT_CONVERSION = YES;
				CLANG_WARN_DEPRECATED_OBJC_IMPLEMENTATIONS = YES;
				CLANG_WARN_DIRECT_OBJC_ISA_USAGE = YES_ERROR;
				CLANG_WARN_DOCUMENTATION_COMMENTS = YES;
				CLANG_WARN_EMPTY_BODY = YES;
				CLANG_WARN_ENUM_CONVERSION = YES;
				CLANG_WARN_INFINITE_RECURSION = YES;
				CLANG_WARN_INT_CONVERSION = YES;
				CLANG_WARN_NON_LITERAL_NULL_CONVERSION = YES;
				CLANG_WARN_OBJC_IMPLICIT_RETAIN_SELF = YES;
				CLANG_WARN_OBJC_LITERAL_CONVERSION = YES;
				CLANG_WARN_OBJC_ROOT_CLASS = YES_ERROR;
				CLANG_WARN_RANGE_LOOP_ANALYSIS = YES;
				CLANG_WARN_STRICT_PROTOTYPES = YES;
				CLANG_WARN_SUSPICIOUS_MOVE = YES;
				CLANG_WARN_UNGUARDED_AVAILABILITY = YES_AGGRESSIVE;
				CLANG_WARN_UNREACHABLE_CODE = YES;
				CLANG_WARN__DUPLICATE_METHOD_MATCH = YES;
				CODE_SIGN_IDENTITY = "iPhone Developer";
				COPY_PHASE_STRIP = NO;
				DEBUG_INFORMATION_FORMAT = "dwarf-with-dsym";
				ENABLE_NS_ASSERTIONS = NO;
				ENABLE_STRICT_OBJC_MSGSEND = YES;
				GCC_C_LANGUAGE_STANDARD = gnu11;
				GCC_NO_COMMON_BLOCKS = YES;
				GCC_WARN_64_TO_32_BIT_CONVERSION = YES;
				GCC_WARN_ABOUT_RETURN_TYPE = YES_ERROR;
				GCC_WARN_UNDECLARED_SELECTOR = YES;
				GCC_WARN_UNINITIALIZED_AUTOS = YES_AGGRESSIVE;
				GCC_WARN_UNUSED_FUNCTION = YES;
				GCC_WARN_UNUSED_VARIABLE = YES;
				IPHONEOS_DEPLOYMENT_TARGET = 12.4;
				MTL_ENABLE_DEBUG_INFO = NO;
				MTL_FAST_MATH = YES;
				SDKROOT = iphoneos;
				SWIFT_COMPILATION_MODE = wholemodule;
				SWIFT_OPTIMIZATION_LEVEL = "-O";
				VALIDATE_PRODUCT = YES;
			};
			name = Release;
		};
		D810C5B92317A61F0037CAB4 /* Debug */ = {
			isa = XCBuildConfiguration;
			baseConfigurationReference = A640FAAE2FBAED0B7253AE54 /* Pods-Artable.debug.xcconfig */;
			buildSettings = {
				ASSETCATALOG_COMPILER_APPICON_NAME = AppIcon;
				CODE_SIGN_STYLE = Automatic;
				DEVELOPMENT_TEAM = 6J6245LPWX;
				INFOPLIST_FILE = Artable/Info.plist;
				IPHONEOS_DEPLOYMENT_TARGET = 10.0;
				LD_RUNPATH_SEARCH_PATHS = (
					"$(inherited)",
					"@executable_path/Frameworks",
				);
				PRODUCT_BUNDLE_IDENTIFIER = "egehan-karakose.Artable";
				PRODUCT_NAME = "$(TARGET_NAME)";
				SWIFT_VERSION = 5.0;
				TARGETED_DEVICE_FAMILY = "1,2";
			};
			name = Debug;
		};
		D810C5BA2317A61F0037CAB4 /* Release */ = {
			isa = XCBuildConfiguration;
			baseConfigurationReference = A4B725F3BCE9957DBA95977E /* Pods-Artable.release.xcconfig */;
			buildSettings = {
				ASSETCATALOG_COMPILER_APPICON_NAME = AppIcon;
				CODE_SIGN_STYLE = Automatic;
				DEVELOPMENT_TEAM = 6J6245LPWX;
				INFOPLIST_FILE = Artable/Info.plist;
				IPHONEOS_DEPLOYMENT_TARGET = 10.0;
				LD_RUNPATH_SEARCH_PATHS = (
					"$(inherited)",
					"@executable_path/Frameworks",
				);
				PRODUCT_BUNDLE_IDENTIFIER = "egehan-karakose.Artable";
				PRODUCT_NAME = "$(TARGET_NAME)";
				SWIFT_VERSION = 5.0;
				TARGETED_DEVICE_FAMILY = "1,2";
			};
			name = Release;
		};
		D810C5EB2317BEBE0037CAB4 /* Debug */ = {
			isa = XCBuildConfiguration;
			baseConfigurationReference = 748D41C9D888F1816DCE2D40 /* Pods-ArtableAdmin.debug.xcconfig */;
			buildSettings = {
				ASSETCATALOG_COMPILER_APPICON_NAME = AppIcon;
				CODE_SIGN_STYLE = Automatic;
				DEVELOPMENT_TEAM = 6J6245LPWX;
				INFOPLIST_FILE = ArtableAdmin/Info.plist;
				IPHONEOS_DEPLOYMENT_TARGET = 10.0;
				LD_RUNPATH_SEARCH_PATHS = (
					"$(inherited)",
					"@executable_path/Frameworks",
				);
				PRODUCT_BUNDLE_IDENTIFIER = "egehan-karakose.ArtableAdmin";
				PRODUCT_NAME = "$(TARGET_NAME)";
				SWIFT_VERSION = 5.0;
				TARGETED_DEVICE_FAMILY = "1,2";
			};
			name = Debug;
		};
		D810C5EC2317BEBE0037CAB4 /* Release */ = {
			isa = XCBuildConfiguration;
			baseConfigurationReference = 6FA84E3973B564AB3A599EAE /* Pods-ArtableAdmin.release.xcconfig */;
			buildSettings = {
				ASSETCATALOG_COMPILER_APPICON_NAME = AppIcon;
				CODE_SIGN_STYLE = Automatic;
				DEVELOPMENT_TEAM = 6J6245LPWX;
				INFOPLIST_FILE = ArtableAdmin/Info.plist;
				IPHONEOS_DEPLOYMENT_TARGET = 10.0;
				LD_RUNPATH_SEARCH_PATHS = (
					"$(inherited)",
					"@executable_path/Frameworks",
				);
				PRODUCT_BUNDLE_IDENTIFIER = "egehan-karakose.ArtableAdmin";
				PRODUCT_NAME = "$(TARGET_NAME)";
				SWIFT_VERSION = 5.0;
				TARGETED_DEVICE_FAMILY = "1,2";
			};
			name = Release;
		};
/* End XCBuildConfiguration section */

/* Begin XCConfigurationList section */
		D810C5A12317A61E0037CAB4 /* Build configuration list for PBXProject "Artable" */ = {
			isa = XCConfigurationList;
			buildConfigurations = (
				D810C5B62317A61F0037CAB4 /* Debug */,
				D810C5B72317A61F0037CAB4 /* Release */,
			);
			defaultConfigurationIsVisible = 0;
			defaultConfigurationName = Release;
		};
		D810C5B82317A61F0037CAB4 /* Build configuration list for PBXNativeTarget "Artable" */ = {
			isa = XCConfigurationList;
			buildConfigurations = (
				D810C5B92317A61F0037CAB4 /* Debug */,
				D810C5BA2317A61F0037CAB4 /* Release */,
			);
			defaultConfigurationIsVisible = 0;
			defaultConfigurationName = Release;
		};
		D810C5EA2317BEBE0037CAB4 /* Build configuration list for PBXNativeTarget "ArtableAdmin" */ = {
			isa = XCConfigurationList;
			buildConfigurations = (
				D810C5EB2317BEBE0037CAB4 /* Debug */,
				D810C5EC2317BEBE0037CAB4 /* Release */,
			);
			defaultConfigurationIsVisible = 0;
			defaultConfigurationName = Release;
		};
/* End XCConfigurationList section */
	};
	rootObject = D810C59E2317A61E0037CAB4 /* Project object */;
}
